
Microsoft Visual Studio Solution File, Format Version 12.00
# Visual Studio Version 17
VisualStudioVersion = 17.9.34607.119
MinimumVisualStudioVersion = 10.0.40219.1
Project("{2150E333-8FDC-42A3-9474-1A3956D46DE8}") = "src", "src", "{2CE408CB-03A8-432D-9AB3-0EFC3B8230F5}"
EndProject
Project("{2150E333-8FDC-42A3-9474-1A3956D46DE8}") = "Services", "Services", "{0FB1C19B-85F8-45A7-AF40-A6E58CE0BB51}"
EndProject
Project("{2150E333-8FDC-42A3-9474-1A3956D46DE8}") = "BuildingBlocks", "BuildingBlocks", "{89BB7FAE-CBE3-44BE-951D-7CDD3FE2C978}"
EndProject
Project("{9A19103F-16F7-4668-BE54-9A1E7A4F7556}") = "BuildingBlocks.Common", "src\BuildingBlocks\BuildingBlocks.Common\BuildingBlocks.Common.csproj", "{7BDB0692-4A55-4047-AA80-087BC7E5888B}"
EndProject
Project("{9A19103F-16F7-4668-BE54-9A1E7A4F7556}") = "BikeRental.Domain", "src\Services\BikeRental\BikeRental.Domain\BikeRental.Domain.csproj", "{2C1F40B5-C3AA-4D3A-96FE-6F6F7621DA91}"
EndProject
Project("{2150E333-8FDC-42A3-9474-1A3956D46DE8}") = "BikeRental", "BikeRental", "{6B2732EF-AC15-4AFC-A06F-D54BBB9307B5}"
EndProject
Project("{9A19103F-16F7-4668-BE54-9A1E7A4F7556}") = "BikeRental.API", "src\Services\BikeRental\BikeRental.API\BikeRental.API.csproj", "{9ABCEE84-4C2F-44FF-8689-B8AF812FE9F9}"
EndProject
Project("{9A19103F-16F7-4668-BE54-9A1E7A4F7556}") = "BuildingBlocks.Identity", "src\BuildingBlocks\BuildingBlocks.Identity\BuildingBlocks.Identity.csproj", "{C33366CE-CF50-415B-9BA7-D2F60CE485A1}"
EndProject
Project("{9A19103F-16F7-4668-BE54-9A1E7A4F7556}") = "BikeRental.Application", "src\Services\BikeRental\BikeRental.Application\BikeRental.Application.csproj", "{85600D37-D64C-4F65-AB44-57C32899D008}"
EndProject
Project("{E53339B2-1760-4266-BCC7-CA923CBCF16C}") = "docker-compose", "docker-compose.dcproj", "{9A00B9C0-4C11-425D-89B4-D1BEAB96F821}"
EndProject
Project("{2150E333-8FDC-42A3-9474-1A3956D46DE8}") = "Solution Items", "Solution Items", "{401F90CB-2541-4469-B774-30013497E74E}"
	ProjectSection(SolutionItems) = preProject
		README.md = README.md
	EndProjectSection
EndProject
Project("{9A19103F-16F7-4668-BE54-9A1E7A4F7556}") = "BikeRental.Data", "src\Services\BikeRental\BikeRental.Data\BikeRental.Data.csproj", "{75D3D152-6065-4B9C-AC99-AF4E35E0EBBD}"
EndProject
Project("{2150E333-8FDC-42A3-9474-1A3956D46DE8}") = "CrossCutting", "CrossCutting", "{AF3511F4-53F5-46D6-9592-FE95A6DC27B9}"
EndProject
Project("{2150E333-8FDC-42A3-9474-1A3956D46DE8}") = "Storage", "Storage", "{2D0CEAE4-1B48-41F3-8805-BC184EF96960}"
EndProject
Project("{2150E333-8FDC-42A3-9474-1A3956D46DE8}") = "EventBus", "EventBus", "{9E3F8C9E-4793-4A52-BC77-232A39969446}"
EndProject
Project("{9A19103F-16F7-4668-BE54-9A1E7A4F7556}") = "BikeRental.CrossCutting.Storage", "src\CrossCutting\Storage\BikeRental.CrossCutting.Storage\BikeRental.CrossCutting.Storage.csproj", "{40168823-B463-4BE5-B57A-92E1EA54CEFA}"
EndProject
Project("{9A19103F-16F7-4668-BE54-9A1E7A4F7556}") = "BikeRental.CrossCutting.Storage.MinIO", "src\CrossCutting\Storage\BikeRental.CrossCutting.Storage.MinIO\BikeRental.CrossCutting.Storage.MinIO.csproj", "{268E360C-F29A-41B8-9688-EB670968E996}"
EndProject
Project("{9A19103F-16F7-4668-BE54-9A1E7A4F7556}") = "BikeRental.CrossCutting.EventBus", "src\CrossCutting\EventBus\BikeRental.CrossCutting.EventBus\BikeRental.CrossCutting.EventBus.csproj", "{D70B1F6F-C8D4-4A88-B1BE-77F243AAC5F2}"
EndProject
Project("{9A19103F-16F7-4668-BE54-9A1E7A4F7556}") = "BikeRental.CrossCutting.EventBusRabbitMQ", "src\CrossCutting\EventBus\BikeRental.CrossCutting.EventBusRabbitMQ\BikeRental.CrossCutting.EventBusRabbitMQ.csproj", "{9F9A6EDA-F1A0-4BB8-97DA-B776BF62B73C}"
EndProject
Project("{9A19103F-16F7-4668-BE54-9A1E7A4F7556}") = "BikeRental.CrossCutting.IntegrationEventLog", "src\CrossCutting\EventBus\BikeRental.CrossCutting.IntegrationEventLog\BikeRental.CrossCutting.IntegrationEventLog.csproj", "{3A32E33C-5207-4522-86CD-008663654742}"
EndProject
Project("{2150E333-8FDC-42A3-9474-1A3956D46DE8}") = "tests", "tests", "{0220A829-51D8-4477-80A7-F9F016E51581}"
EndProject
Project("{9A19103F-16F7-4668-BE54-9A1E7A4F7556}") = "BikeRenta.API.FunctionalTests", "src\Services\BikeRental\tests\BikeRenta.API.FunctionalTests\BikeRenta.API.FunctionalTests.csproj", "{2854000B-73D6-4304-93C1-17BFD67F7B65}"
EndProject
Project("{9A19103F-16F7-4668-BE54-9A1E7A4F7556}") = "BikeRental.Domain.UnitTests", "src\Services\BikeRental\tests\BikeRental.Domain.UnitTests\BikeRental.Domain.UnitTests.csproj", "{BFAB7E65-B115-4353-9B91-3F5F2786A871}"
EndProject
Global
	GlobalSection(SolutionConfigurationPlatforms) = preSolution
		Debug|Any CPU = Debug|Any CPU
		Release|Any CPU = Release|Any CPU
	EndGlobalSection
	GlobalSection(ProjectConfigurationPlatforms) = postSolution
		{7BDB0692-4A55-4047-AA80-087BC7E5888B}.Debug|Any CPU.ActiveCfg = Debug|Any CPU
		{7BDB0692-4A55-4047-AA80-087BC7E5888B}.Debug|Any CPU.Build.0 = Debug|Any CPU
		{7BDB0692-4A55-4047-AA80-087BC7E5888B}.Release|Any CPU.ActiveCfg = Release|Any CPU
		{7BDB0692-4A55-4047-AA80-087BC7E5888B}.Release|Any CPU.Build.0 = Release|Any CPU
		{2C1F40B5-C3AA-4D3A-96FE-6F6F7621DA91}.Debug|Any CPU.ActiveCfg = Debug|Any CPU
		{2C1F40B5-C3AA-4D3A-96FE-6F6F7621DA91}.Debug|Any CPU.Build.0 = Debug|Any CPU
		{2C1F40B5-C3AA-4D3A-96FE-6F6F7621DA91}.Release|Any CPU.ActiveCfg = Release|Any CPU
		{2C1F40B5-C3AA-4D3A-96FE-6F6F7621DA91}.Release|Any CPU.Build.0 = Release|Any CPU
		{9ABCEE84-4C2F-44FF-8689-B8AF812FE9F9}.Debug|Any CPU.ActiveCfg = Debug|Any CPU
		{9ABCEE84-4C2F-44FF-8689-B8AF812FE9F9}.Debug|Any CPU.Build.0 = Debug|Any CPU
		{9ABCEE84-4C2F-44FF-8689-B8AF812FE9F9}.Release|Any CPU.ActiveCfg = Release|Any CPU
		{9ABCEE84-4C2F-44FF-8689-B8AF812FE9F9}.Release|Any CPU.Build.0 = Release|Any CPU
		{C33366CE-CF50-415B-9BA7-D2F60CE485A1}.Debug|Any CPU.ActiveCfg = Debug|Any CPU
		{C33366CE-CF50-415B-9BA7-D2F60CE485A1}.Debug|Any CPU.Build.0 = Debug|Any CPU
		{C33366CE-CF50-415B-9BA7-D2F60CE485A1}.Release|Any CPU.ActiveCfg = Release|Any CPU
		{C33366CE-CF50-415B-9BA7-D2F60CE485A1}.Release|Any CPU.Build.0 = Release|Any CPU
		{85600D37-D64C-4F65-AB44-57C32899D008}.Debug|Any CPU.ActiveCfg = Debug|Any CPU
		{85600D37-D64C-4F65-AB44-57C32899D008}.Debug|Any CPU.Build.0 = Debug|Any CPU
		{85600D37-D64C-4F65-AB44-57C32899D008}.Release|Any CPU.ActiveCfg = Release|Any CPU
		{85600D37-D64C-4F65-AB44-57C32899D008}.Release|Any CPU.Build.0 = Release|Any CPU
		{9A00B9C0-4C11-425D-89B4-D1BEAB96F821}.Debug|Any CPU.ActiveCfg = Debug|Any CPU
		{9A00B9C0-4C11-425D-89B4-D1BEAB96F821}.Debug|Any CPU.Build.0 = Debug|Any CPU
		{9A00B9C0-4C11-425D-89B4-D1BEAB96F821}.Release|Any CPU.ActiveCfg = Release|Any CPU
		{9A00B9C0-4C11-425D-89B4-D1BEAB96F821}.Release|Any CPU.Build.0 = Release|Any CPU
		{75D3D152-6065-4B9C-AC99-AF4E35E0EBBD}.Debug|Any CPU.ActiveCfg = Debug|Any CPU
		{75D3D152-6065-4B9C-AC99-AF4E35E0EBBD}.Debug|Any CPU.Build.0 = Debug|Any CPU
		{75D3D152-6065-4B9C-AC99-AF4E35E0EBBD}.Release|Any CPU.ActiveCfg = Release|Any CPU
		{75D3D152-6065-4B9C-AC99-AF4E35E0EBBD}.Release|Any CPU.Build.0 = Release|Any CPU
		{40168823-B463-4BE5-B57A-92E1EA54CEFA}.Debug|Any CPU.ActiveCfg = Debug|Any CPU
		{40168823-B463-4BE5-B57A-92E1EA54CEFA}.Debug|Any CPU.Build.0 = Debug|Any CPU
		{40168823-B463-4BE5-B57A-92E1EA54CEFA}.Release|Any CPU.ActiveCfg = Release|Any CPU
		{40168823-B463-4BE5-B57A-92E1EA54CEFA}.Release|Any CPU.Build.0 = Release|Any CPU
		{268E360C-F29A-41B8-9688-EB670968E996}.Debug|Any CPU.ActiveCfg = Debug|Any CPU
		{268E360C-F29A-41B8-9688-EB670968E996}.Debug|Any CPU.Build.0 = Debug|Any CPU
		{268E360C-F29A-41B8-9688-EB670968E996}.Release|Any CPU.ActiveCfg = Release|Any CPU
		{268E360C-F29A-41B8-9688-EB670968E996}.Release|Any CPU.Build.0 = Release|Any CPU
		{D70B1F6F-C8D4-4A88-B1BE-77F243AAC5F2}.Debug|Any CPU.ActiveCfg = Debug|Any CPU
		{D70B1F6F-C8D4-4A88-B1BE-77F243AAC5F2}.Debug|Any CPU.Build.0 = Debug|Any CPU
		{D70B1F6F-C8D4-4A88-B1BE-77F243AAC5F2}.Release|Any CPU.ActiveCfg = Release|Any CPU
		{D70B1F6F-C8D4-4A88-B1BE-77F243AAC5F2}.Release|Any CPU.Build.0 = Release|Any CPU
		{9F9A6EDA-F1A0-4BB8-97DA-B776BF62B73C}.Debug|Any CPU.ActiveCfg = Debug|Any CPU
		{9F9A6EDA-F1A0-4BB8-97DA-B776BF62B73C}.Debug|Any CPU.Build.0 = Debug|Any CPU
		{9F9A6EDA-F1A0-4BB8-97DA-B776BF62B73C}.Release|Any CPU.ActiveCfg = Release|Any CPU
		{9F9A6EDA-F1A0-4BB8-97DA-B776BF62B73C}.Release|Any CPU.Build.0 = Release|Any CPU
		{3A32E33C-5207-4522-86CD-008663654742}.Debug|Any CPU.ActiveCfg = Debug|Any CPU
		{3A32E33C-5207-4522-86CD-008663654742}.Debug|Any CPU.Build.0 = Debug|Any CPU
		{3A32E33C-5207-4522-86CD-008663654742}.Release|Any CPU.ActiveCfg = Release|Any CPU
		{3A32E33C-5207-4522-86CD-008663654742}.Release|Any CPU.Build.0 = Release|Any CPU
		{2854000B-73D6-4304-93C1-17BFD67F7B65}.Debug|Any CPU.ActiveCfg = Debug|Any CPU
		{2854000B-73D6-4304-93C1-17BFD67F7B65}.Debug|Any CPU.Build.0 = Debug|Any CPU
		{2854000B-73D6-4304-93C1-17BFD67F7B65}.Release|Any CPU.ActiveCfg = Release|Any CPU
		{2854000B-73D6-4304-93C1-17BFD67F7B65}.Release|Any CPU.Build.0 = Release|Any CPU
		{BFAB7E65-B115-4353-9B91-3F5F2786A871}.Debug|Any CPU.ActiveCfg = Debug|Any CPU
		{BFAB7E65-B115-4353-9B91-3F5F2786A871}.Debug|Any CPU.Build.0 = Debug|Any CPU
		{BFAB7E65-B115-4353-9B91-3F5F2786A871}.Release|Any CPU.ActiveCfg = Release|Any CPU
		{BFAB7E65-B115-4353-9B91-3F5F2786A871}.Release|Any CPU.Build.0 = Release|Any CPU
	EndGlobalSection
	GlobalSection(SolutionProperties) = preSolution
		HideSolutionNode = FALSE
	EndGlobalSection
	GlobalSection(NestedProjects) = preSolution
		{0FB1C19B-85F8-45A7-AF40-A6E58CE0BB51} = {2CE408CB-03A8-432D-9AB3-0EFC3B8230F5}
		{89BB7FAE-CBE3-44BE-951D-7CDD3FE2C978} = {2CE408CB-03A8-432D-9AB3-0EFC3B8230F5}
		{7BDB0692-4A55-4047-AA80-087BC7E5888B} = {89BB7FAE-CBE3-44BE-951D-7CDD3FE2C978}
		{2C1F40B5-C3AA-4D3A-96FE-6F6F7621DA91} = {6B2732EF-AC15-4AFC-A06F-D54BBB9307B5}
		{6B2732EF-AC15-4AFC-A06F-D54BBB9307B5} = {0FB1C19B-85F8-45A7-AF40-A6E58CE0BB51}
		{9ABCEE84-4C2F-44FF-8689-B8AF812FE9F9} = {6B2732EF-AC15-4AFC-A06F-D54BBB9307B5}
		{C33366CE-CF50-415B-9BA7-D2F60CE485A1} = {89BB7FAE-CBE3-44BE-951D-7CDD3FE2C978}
		{85600D37-D64C-4F65-AB44-57C32899D008} = {6B2732EF-AC15-4AFC-A06F-D54BBB9307B5}
		{75D3D152-6065-4B9C-AC99-AF4E35E0EBBD} = {6B2732EF-AC15-4AFC-A06F-D54BBB9307B5}
		{AF3511F4-53F5-46D6-9592-FE95A6DC27B9} = {2CE408CB-03A8-432D-9AB3-0EFC3B8230F5}
		{2D0CEAE4-1B48-41F3-8805-BC184EF96960} = {AF3511F4-53F5-46D6-9592-FE95A6DC27B9}
		{9E3F8C9E-4793-4A52-BC77-232A39969446} = {AF3511F4-53F5-46D6-9592-FE95A6DC27B9}
		{40168823-B463-4BE5-B57A-92E1EA54CEFA} = {2D0CEAE4-1B48-41F3-8805-BC184EF96960}
		{268E360C-F29A-41B8-9688-EB670968E996} = {2D0CEAE4-1B48-41F3-8805-BC184EF96960}
		{D70B1F6F-C8D4-4A88-B1BE-77F243AAC5F2} = {9E3F8C9E-4793-4A52-BC77-232A39969446}
		{9F9A6EDA-F1A0-4BB8-97DA-B776BF62B73C} = {9E3F8C9E-4793-4A52-BC77-232A39969446}
		{3A32E33C-5207-4522-86CD-008663654742} = {9E3F8C9E-4793-4A52-BC77-232A39969446}
		{0220A829-51D8-4477-80A7-F9F016E51581} = {6B2732EF-AC15-4AFC-A06F-D54BBB9307B5}
		{2854000B-73D6-4304-93C1-17BFD67F7B65} = {0220A829-51D8-4477-80A7-F9F016E51581}
		{BFAB7E65-B115-4353-9B91-3F5F2786A871} = {0220A829-51D8-4477-80A7-F9F016E51581}
	EndGlobalSection
	GlobalSection(ExtensibilityGlobals) = postSolution
		SolutionGuid = {1126D873-737A-4A05-85A2-C3AA5AF6BCD2}
	EndGlobalSection
EndGlobal
